// !$*UTF8*$!
{
	archiveVersion = 1;
	classes = {
	};
	objectVersion = 46;
	objects = {

/* Begin PBXBuildFile section */
		4216CCE417F1EE92004EF323 /* OCSGrammar.m in Sources */ = {isa = PBXBuildFile; fileRef = 4216CCDF17F1EE92004EF323 /* OCSGrammar.m */; };
		4216CCE517F1EE92004EF323 /* OCSParser.m in Sources */ = {isa = PBXBuildFile; fileRef = 4216CCE117F1EE92004EF323 /* OCSParser.m */; };
		4216CCE617F1EE92004EF323 /* OCSTokeniser.m in Sources */ = {isa = PBXBuildFile; fileRef = 4216CCE317F1EE92004EF323 /* OCSTokeniser.m */; };
		4216CCEE17F1EEE3004EF323 /* Expression.m in Sources */ = {isa = PBXBuildFile; fileRef = 4216CCE917F1EEE3004EF323 /* Expression.m */; };
		4216CCEF17F1EEE3004EF323 /* Factor.m in Sources */ = {isa = PBXBuildFile; fileRef = 4216CCEB17F1EEE3004EF323 /* Factor.m */; };
		4216CCF017F1EEE3004EF323 /* Term.m in Sources */ = {isa = PBXBuildFile; fileRef = 4216CCED17F1EEE3004EF323 /* Term.m */; };
		421B78B3182572200071A134 /* OCSClass.m in Sources */ = {isa = PBXBuildFile; fileRef = 421B78A8182572200071A134 /* OCSClass.m */; };
		421B78B6182572200071A134 /* OCSFile.m in Sources */ = {isa = PBXBuildFile; fileRef = 421B78AE182572200071A134 /* OCSFile.m */; };
		421B78B8182572200071A134 /* OCSMultiClass.m in Sources */ = {isa = PBXBuildFile; fileRef = 421B78B2182572200071A134 /* OCSMultiClass.m */; };
		427352671889501B00D1BABE /* OCSClassBody.m in Sources */ = {isa = PBXBuildFile; fileRef = 4273525F1889501B00D1BABE /* OCSClassBody.m */; };
		427352681889501B00D1BABE /* OCSClassDeclaration.m in Sources */ = {isa = PBXBuildFile; fileRef = 427352621889501B00D1BABE /* OCSClassDeclaration.m */; };
		427352691889501B00D1BABE /* OCSClassHeader.m in Sources */ = {isa = PBXBuildFile; fileRef = 427352641889501B00D1BABE /* OCSClassHeader.m */; };
		4273526A1889501B00D1BABE /* OCSIvarList.m in Sources */ = {isa = PBXBuildFile; fileRef = 427352661889501B00D1BABE /* OCSIvarList.m */; };
		427352701889529E00D1BABE /* OCSCodeScope.m in Sources */ = {isa = PBXBuildFile; fileRef = 4273526F1889529E00D1BABE /* OCSCodeScope.m */; };
		42735274188A59D800D1BABE /* OCSMessageSendArg.m in Sources */ = {isa = PBXBuildFile; fileRef = 42735273188A59D800D1BABE /* OCSMessageSendArg.m */; };
		42735277188A5C1D00D1BABE /* OCSMessageSendArgList.m in Sources */ = {isa = PBXBuildFile; fileRef = 42735276188A5C1D00D1BABE /* OCSMessageSendArgList.m */; };
		4273527A188A5CD300D1BABE /* OCSMessageSend.m in Sources */ = {isa = PBXBuildFile; fileRef = 42735279188A5CD300D1BABE /* OCSMessageSend.m */; };
		4273527D188A880900D1BABE /* OCSAtomicFactor.m in Sources */ = {isa = PBXBuildFile; fileRef = 4273527C188A880900D1BABE /* OCSAtomicFactor.m */; };
		428974D718819530008D2A3A /* OCSBasicType.m in Sources */ = {isa = PBXBuildFile; fileRef = 428974CF18819530008D2A3A /* OCSBasicType.m */; };
		428974D818819530008D2A3A /* OCSCustomType.m in Sources */ = {isa = PBXBuildFile; fileRef = 428974D118819530008D2A3A /* OCSCustomType.m */; };
		428974D918819530008D2A3A /* OCSIDType.m in Sources */ = {isa = PBXBuildFile; fileRef = 428974D318819530008D2A3A /* OCSIDType.m */; };
		428974DA18819530008D2A3A /* OCSType.m in Sources */ = {isa = PBXBuildFile; fileRef = 428974D618819530008D2A3A /* OCSType.m */; };
		428974E01881959F008D2A3A /* OCSProtocolList.m in Sources */ = {isa = PBXBuildFile; fileRef = 428974DD1881959F008D2A3A /* OCSProtocolList.m */; };
		428974E11881959F008D2A3A /* OCSProtocolListWithBrackets.m in Sources */ = {isa = PBXBuildFile; fileRef = 428974DF1881959F008D2A3A /* OCSProtocolListWithBrackets.m */; };
		428974EB188196C3008D2A3A /* OCSIdentifier.m in Sources */ = {isa = PBXBuildFile; fileRef = 428974E4188196C3008D2A3A /* OCSIdentifier.m */; };
		428974EC188196C3008D2A3A /* OCSIdentifierDeclaration.m in Sources */ = {isa = PBXBuildFile; fileRef = 428974E6188196C3008D2A3A /* OCSIdentifierDeclaration.m */; };
		428974ED188196C3008D2A3A /* OCSIdentifierDeclarationList.m in Sources */ = {isa = PBXBuildFile; fileRef = 428974E8188196C3008D2A3A /* OCSIdentifierDeclarationList.m */; };
		428974EE188196C3008D2A3A /* OCSIdentifierList.m in Sources */ = {isa = PBXBuildFile; fileRef = 428974EA188196C3008D2A3A /* OCSIdentifierList.m */; };
		4289750B1881C32C008D2A3A /* OCSArgumentType.m in Sources */ = {isa = PBXBuildFile; fileRef = 4289750A1881C32C008D2A3A /* OCSArgumentType.m */; };
		4289750E1881CB33008D2A3A /* OCSPointerList.m in Sources */ = {isa = PBXBuildFile; fileRef = 4289750D1881CB33008D2A3A /* OCSPointerList.m */; };
		428975161881D71D008D2A3A /* OCSVoidType.m in Sources */ = {isa = PBXBuildFile; fileRef = 428975151881D71D008D2A3A /* OCSVoidType.m */; };
		428975251885A010008D2A3A /* OCSMethod.m in Sources */ = {isa = PBXBuildFile; fileRef = 4289751E1885A010008D2A3A /* OCSMethod.m */; };
		428975261885A010008D2A3A /* OCSMethodBody.m in Sources */ = {isa = PBXBuildFile; fileRef = 428975201885A010008D2A3A /* OCSMethodBody.m */; };
		428975271885A010008D2A3A /* OCSMethodDeclaration.m in Sources */ = {isa = PBXBuildFile; fileRef = 428975221885A010008D2A3A /* OCSMethodDeclaration.m */; };
		428975281885A010008D2A3A /* OCSMethodList.m in Sources */ = {isa = PBXBuildFile; fileRef = 428975241885A010008D2A3A /* OCSMethodList.m */; };
		4289752B1885A3A5008D2A3A /* OCSMethodType.m in Sources */ = {isa = PBXBuildFile; fileRef = 4289752A1885A3A5008D2A3A /* OCSMethodType.m */; };
		428CC5681822BA8200182D3F /* OCSMemoryTestObject.m in Sources */ = {isa = PBXBuildFile; fileRef = 428CC5671822BA8200182D3F /* OCSMemoryTestObject.m */; settings = {COMPILER_FLAGS = "-fno-objc-arc"; }; };
		42A59AF1189C206000CAAB6D /* OCSTerm.m in Sources */ = {isa = PBXBuildFile; fileRef = 42A59AF0189C206000CAAB6D /* OCSTerm.m */; };
		42A59AF4189D4C5C00CAAB6D /* OCSSum.m in Sources */ = {isa = PBXBuildFile; fileRef = 42A59AF3189D4C5C00CAAB6D /* OCSSum.m */; };
		42A59AF8189E47CE00CAAB6D /* OCSBitwiseShiftResult.m in Sources */ = {isa = PBXBuildFile; fileRef = 42A59AF7189E47CE00CAAB6D /* OCSBitwiseShiftResult.m */; };
		42A59AFB189E9CBB00CAAB6D /* OCSLogicComparationResult.m in Sources */ = {isa = PBXBuildFile; fileRef = 42A59AFA189E9CBB00CAAB6D /* OCSLogicComparationResult.m */; };
		42A59AFE189EAFD300CAAB6D /* OCSEqualityResult.m in Sources */ = {isa = PBXBuildFile; fileRef = 42A59AFD189EAFD300CAAB6D /* OCSEqualityResult.m */; };
		42A59B02189F325100CAAB6D /* OCSBitwiseANDResult.m in Sources */ = {isa = PBXBuildFile; fileRef = 42A59B01189F325100CAAB6D /* OCSBitwiseANDResult.m */; };
		42A59B08189FF8D600CAAB6D /* OCSBitwiseXORResult.m in Sources */ = {isa = PBXBuildFile; fileRef = 42A59B07189FF8D600CAAB6D /* OCSBitwiseXORResult.m */; };
		42DA4A1E17F0994800299797 /* UIKit.framework in Frameworks */ = {isa = PBXBuildFile; fileRef = 42DA4A1D17F0994800299797 /* UIKit.framework */; };
		42DA4A2017F0994800299797 /* Foundation.framework in Frameworks */ = {isa = PBXBuildFile; fileRef = 42DA4A1F17F0994800299797 /* Foundation.framework */; };
		42DA4A2217F0994800299797 /* CoreGraphics.framework in Frameworks */ = {isa = PBXBuildFile; fileRef = 42DA4A2117F0994800299797 /* CoreGraphics.framework */; };
		42DA4A2817F0994800299797 /* InfoPlist.strings in Resources */ = {isa = PBXBuildFile; fileRef = 42DA4A2617F0994800299797 /* InfoPlist.strings */; };
		42DA4A2A17F0994800299797 /* main.m in Sources */ = {isa = PBXBuildFile; fileRef = 42DA4A2917F0994800299797 /* main.m */; };
		42DA4A2E17F0994800299797 /* OCSAppDelegate.m in Sources */ = {isa = PBXBuildFile; fileRef = 42DA4A2D17F0994800299797 /* OCSAppDelegate.m */; };
		42DA4A3017F0994800299797 /* Default.png in Resources */ = {isa = PBXBuildFile; fileRef = 42DA4A2F17F0994800299797 /* Default.png */; };
		42DA4A3217F0994800299797 /* Default@2x.png in Resources */ = {isa = PBXBuildFile; fileRef = 42DA4A3117F0994800299797 /* Default@2x.png */; };
		42DA4A3417F0994900299797 /* Default-568h@2x.png in Resources */ = {isa = PBXBuildFile; fileRef = 42DA4A3317F0994900299797 /* Default-568h@2x.png */; };
		42DA4A7817F09ADF00299797 /* libCoreParse.a in Frameworks */ = {isa = PBXBuildFile; fileRef = 42DA4A7517F09ACE00299797 /* libCoreParse.a */; };
		42E886531885BBF300594B83 /* OCSMethodDeclarationArg.m in Sources */ = {isa = PBXBuildFile; fileRef = 42E886521885BBF300594B83 /* OCSMethodDeclarationArg.m */; };
		42E886561885BC5600594B83 /* OCSMethodDeclarationArgList.m in Sources */ = {isa = PBXBuildFile; fileRef = 42E886551885BC5600594B83 /* OCSMethodDeclarationArgList.m */; };
/* End PBXBuildFile section */

/* Begin PBXContainerItemProxy section */
		42DA4A7417F09ACE00299797 /* PBXContainerItemProxy */ = {
			isa = PBXContainerItemProxy;
			containerPortal = 42DA4A7017F09ACE00299797 /* CoreParse.xcodeproj */;
			proxyType = 2;
			remoteGlobalIDString = 42DA496D17F0960400299797;
			remoteInfo = CoreParse;
		};
		42DA4A7617F09ADC00299797 /* PBXContainerItemProxy */ = {
			isa = PBXContainerItemProxy;
			containerPortal = 42DA4A7017F09ACE00299797 /* CoreParse.xcodeproj */;
			proxyType = 1;
			remoteGlobalIDString = 42DA496C17F0960400299797;
			remoteInfo = CoreParse;
		};
/* End PBXContainerItemProxy section */

/* Begin PBXFileReference section */
		4216CCDC17F1EE92004EF323 /* ObjectiveCScriptParser.h */ = {isa = PBXFileReference; fileEncoding = 4; lastKnownFileType = sourcecode.c.h; path = ObjectiveCScriptParser.h; sourceTree = "<group>"; };
		4216CCDD17F1EE92004EF323 /* OCSConstant.h */ = {isa = PBXFileReference; fileEncoding = 4; lastKnownFileType = sourcecode.c.h; path = OCSConstant.h; sourceTree = "<group>"; };
		4216CCDE17F1EE92004EF323 /* OCSGrammar.h */ = {isa = PBXFileReference; fileEncoding = 4; lastKnownFileType = sourcecode.c.h; path = OCSGrammar.h; sourceTree = "<group>"; };
		4216CCDF17F1EE92004EF323 /* OCSGrammar.m */ = {isa = PBXFileReference; fileEncoding = 4; lastKnownFileType = sourcecode.c.objc; path = OCSGrammar.m; sourceTree = "<group>"; };
		4216CCE017F1EE92004EF323 /* OCSParser.h */ = {isa = PBXFileReference; fileEncoding = 4; lastKnownFileType = sourcecode.c.h; path = OCSParser.h; sourceTree = "<group>"; };
		4216CCE117F1EE92004EF323 /* OCSParser.m */ = {isa = PBXFileReference; fileEncoding = 4; lastKnownFileType = sourcecode.c.objc; path = OCSParser.m; sourceTree = "<group>"; };
		4216CCE217F1EE92004EF323 /* OCSTokeniser.h */ = {isa = PBXFileReference; fileEncoding = 4; lastKnownFileType = sourcecode.c.h; path = OCSTokeniser.h; sourceTree = "<group>"; };
		4216CCE317F1EE92004EF323 /* OCSTokeniser.m */ = {isa = PBXFileReference; fileEncoding = 4; lastKnownFileType = sourcecode.c.objc; path = OCSTokeniser.m; sourceTree = "<group>"; };
		4216CCE817F1EEE3004EF323 /* Expression.h */ = {isa = PBXFileReference; fileEncoding = 4; lastKnownFileType = sourcecode.c.h; path = Expression.h; sourceTree = "<group>"; };
		4216CCE917F1EEE3004EF323 /* Expression.m */ = {isa = PBXFileReference; fileEncoding = 4; lastKnownFileType = sourcecode.c.objc; path = Expression.m; sourceTree = "<group>"; };
		4216CCEA17F1EEE3004EF323 /* Factor.h */ = {isa = PBXFileReference; fileEncoding = 4; lastKnownFileType = sourcecode.c.h; path = Factor.h; sourceTree = "<group>"; };
		4216CCEB17F1EEE3004EF323 /* Factor.m */ = {isa = PBXFileReference; fileEncoding = 4; lastKnownFileType = sourcecode.c.objc; path = Factor.m; sourceTree = "<group>"; };
		4216CCEC17F1EEE3004EF323 /* Term.h */ = {isa = PBXFileReference; fileEncoding = 4; lastKnownFileType = sourcecode.c.h; path = Term.h; sourceTree = "<group>"; };
		4216CCED17F1EEE3004EF323 /* Term.m */ = {isa = PBXFileReference; fileEncoding = 4; lastKnownFileType = sourcecode.c.objc; path = Term.m; sourceTree = "<group>"; };
		421B78A7182572200071A134 /* OCSClass.h */ = {isa = PBXFileReference; fileEncoding = 4; lastKnownFileType = sourcecode.c.h; path = OCSClass.h; sourceTree = "<group>"; };
		421B78A8182572200071A134 /* OCSClass.m */ = {isa = PBXFileReference; fileEncoding = 4; lastKnownFileType = sourcecode.c.objc; path = OCSClass.m; sourceTree = "<group>"; };
		421B78AD182572200071A134 /* OCSFile.h */ = {isa = PBXFileReference; fileEncoding = 4; lastKnownFileType = sourcecode.c.h; path = OCSFile.h; sourceTree = "<group>"; };
		421B78AE182572200071A134 /* OCSFile.m */ = {isa = PBXFileReference; fileEncoding = 4; lastKnownFileType = sourcecode.c.objc; path = OCSFile.m; sourceTree = "<group>"; };
		421B78B1182572200071A134 /* OCSMultiClass.h */ = {isa = PBXFileReference; fileEncoding = 4; lastKnownFileType = sourcecode.c.h; path = OCSMultiClass.h; sourceTree = "<group>"; };
		421B78B2182572200071A134 /* OCSMultiClass.m */ = {isa = PBXFileReference; fileEncoding = 4; lastKnownFileType = sourcecode.c.objc; path = OCSMultiClass.m; sourceTree = "<group>"; };
		4273525E1889501B00D1BABE /* OCSClassBody.h */ = {isa = PBXFileReference; fileEncoding = 4; lastKnownFileType = sourcecode.c.h; path = OCSClassBody.h; sourceTree = "<group>"; };
		4273525F1889501B00D1BABE /* OCSClassBody.m */ = {isa = PBXFileReference; fileEncoding = 4; lastKnownFileType = sourcecode.c.objc; path = OCSClassBody.m; sourceTree = "<group>"; };
		427352611889501B00D1BABE /* OCSClassDeclaration.h */ = {isa = PBXFileReference; fileEncoding = 4; lastKnownFileType = sourcecode.c.h; path = OCSClassDeclaration.h; sourceTree = "<group>"; };
		427352621889501B00D1BABE /* OCSClassDeclaration.m */ = {isa = PBXFileReference; fileEncoding = 4; lastKnownFileType = sourcecode.c.objc; path = OCSClassDeclaration.m; sourceTree = "<group>"; };
		427352631889501B00D1BABE /* OCSClassHeader.h */ = {isa = PBXFileReference; fileEncoding = 4; lastKnownFileType = sourcecode.c.h; path = OCSClassHeader.h; sourceTree = "<group>"; };
		427352641889501B00D1BABE /* OCSClassHeader.m */ = {isa = PBXFileReference; fileEncoding = 4; lastKnownFileType = sourcecode.c.objc; path = OCSClassHeader.m; sourceTree = "<group>"; };
		427352651889501B00D1BABE /* OCSIvarList.h */ = {isa = PBXFileReference; fileEncoding = 4; lastKnownFileType = sourcecode.c.h; path = OCSIvarList.h; sourceTree = "<group>"; };
		427352661889501B00D1BABE /* OCSIvarList.m */ = {isa = PBXFileReference; fileEncoding = 4; lastKnownFileType = sourcecode.c.objc; path = OCSIvarList.m; sourceTree = "<group>"; };
		4273526E1889529E00D1BABE /* OCSCodeScope.h */ = {isa = PBXFileReference; fileEncoding = 4; lastKnownFileType = sourcecode.c.h; path = OCSCodeScope.h; sourceTree = "<group>"; };
		4273526F1889529E00D1BABE /* OCSCodeScope.m */ = {isa = PBXFileReference; fileEncoding = 4; lastKnownFileType = sourcecode.c.objc; path = OCSCodeScope.m; sourceTree = "<group>"; };
		42735272188A59D800D1BABE /* OCSMessageSendArg.h */ = {isa = PBXFileReference; fileEncoding = 4; lastKnownFileType = sourcecode.c.h; path = OCSMessageSendArg.h; sourceTree = "<group>"; };
		42735273188A59D800D1BABE /* OCSMessageSendArg.m */ = {isa = PBXFileReference; fileEncoding = 4; lastKnownFileType = sourcecode.c.objc; path = OCSMessageSendArg.m; sourceTree = "<group>"; };
		42735275188A5C1D00D1BABE /* OCSMessageSendArgList.h */ = {isa = PBXFileReference; fileEncoding = 4; lastKnownFileType = sourcecode.c.h; path = OCSMessageSendArgList.h; sourceTree = "<group>"; };
		42735276188A5C1D00D1BABE /* OCSMessageSendArgList.m */ = {isa = PBXFileReference; fileEncoding = 4; lastKnownFileType = sourcecode.c.objc; path = OCSMessageSendArgList.m; sourceTree = "<group>"; };
		42735278188A5CD300D1BABE /* OCSMessageSend.h */ = {isa = PBXFileReference; fileEncoding = 4; lastKnownFileType = sourcecode.c.h; path = OCSMessageSend.h; sourceTree = "<group>"; };
		42735279188A5CD300D1BABE /* OCSMessageSend.m */ = {isa = PBXFileReference; fileEncoding = 4; lastKnownFileType = sourcecode.c.objc; path = OCSMessageSend.m; sourceTree = "<group>"; };
		4273527B188A880900D1BABE /* OCSAtomicFactor.h */ = {isa = PBXFileReference; fileEncoding = 4; lastKnownFileType = sourcecode.c.h; path = OCSAtomicFactor.h; sourceTree = "<group>"; };
		4273527C188A880900D1BABE /* OCSAtomicFactor.m */ = {isa = PBXFileReference; fileEncoding = 4; lastKnownFileType = sourcecode.c.objc; path = OCSAtomicFactor.m; sourceTree = "<group>"; };
		428974CE18819530008D2A3A /* OCSBasicType.h */ = {isa = PBXFileReference; fileEncoding = 4; lastKnownFileType = sourcecode.c.h; path = OCSBasicType.h; sourceTree = "<group>"; };
		428974CF18819530008D2A3A /* OCSBasicType.m */ = {isa = PBXFileReference; fileEncoding = 4; lastKnownFileType = sourcecode.c.objc; path = OCSBasicType.m; sourceTree = "<group>"; };
		428974D018819530008D2A3A /* OCSCustomType.h */ = {isa = PBXFileReference; fileEncoding = 4; lastKnownFileType = sourcecode.c.h; path = OCSCustomType.h; sourceTree = "<group>"; };
		428974D118819530008D2A3A /* OCSCustomType.m */ = {isa = PBXFileReference; fileEncoding = 4; lastKnownFileType = sourcecode.c.objc; path = OCSCustomType.m; sourceTree = "<group>"; };
		428974D218819530008D2A3A /* OCSIDType.h */ = {isa = PBXFileReference; fileEncoding = 4; lastKnownFileType = sourcecode.c.h; path = OCSIDType.h; sourceTree = "<group>"; };
		428974D318819530008D2A3A /* OCSIDType.m */ = {isa = PBXFileReference; fileEncoding = 4; lastKnownFileType = sourcecode.c.objc; path = OCSIDType.m; sourceTree = "<group>"; };
		428974D418819530008D2A3A /* OCSMetaType.h */ = {isa = PBXFileReference; fileEncoding = 4; lastKnownFileType = sourcecode.c.h; path = OCSMetaType.h; sourceTree = "<group>"; };
		428974D518819530008D2A3A /* OCSType.h */ = {isa = PBXFileReference; fileEncoding = 4; lastKnownFileType = sourcecode.c.h; path = OCSType.h; sourceTree = "<group>"; };
		428974D618819530008D2A3A /* OCSType.m */ = {isa = PBXFileReference; fileEncoding = 4; lastKnownFileType = sourcecode.c.objc; path = OCSType.m; sourceTree = "<group>"; };
		428974DC1881959F008D2A3A /* OCSProtocolList.h */ = {isa = PBXFileReference; fileEncoding = 4; lastKnownFileType = sourcecode.c.h; path = OCSProtocolList.h; sourceTree = "<group>"; };
		428974DD1881959F008D2A3A /* OCSProtocolList.m */ = {isa = PBXFileReference; fileEncoding = 4; lastKnownFileType = sourcecode.c.objc; path = OCSProtocolList.m; sourceTree = "<group>"; };
		428974DE1881959F008D2A3A /* OCSProtocolListWithBrackets.h */ = {isa = PBXFileReference; fileEncoding = 4; lastKnownFileType = sourcecode.c.h; path = OCSProtocolListWithBrackets.h; sourceTree = "<group>"; };
		428974DF1881959F008D2A3A /* OCSProtocolListWithBrackets.m */ = {isa = PBXFileReference; fileEncoding = 4; lastKnownFileType = sourcecode.c.objc; path = OCSProtocolListWithBrackets.m; sourceTree = "<group>"; };
		428974E3188196C3008D2A3A /* OCSIdentifier.h */ = {isa = PBXFileReference; fileEncoding = 4; lastKnownFileType = sourcecode.c.h; path = OCSIdentifier.h; sourceTree = "<group>"; };
		428974E4188196C3008D2A3A /* OCSIdentifier.m */ = {isa = PBXFileReference; fileEncoding = 4; lastKnownFileType = sourcecode.c.objc; path = OCSIdentifier.m; sourceTree = "<group>"; };
		428974E5188196C3008D2A3A /* OCSIdentifierDeclaration.h */ = {isa = PBXFileReference; fileEncoding = 4; lastKnownFileType = sourcecode.c.h; path = OCSIdentifierDeclaration.h; sourceTree = "<group>"; };
		428974E6188196C3008D2A3A /* OCSIdentifierDeclaration.m */ = {isa = PBXFileReference; fileEncoding = 4; lastKnownFileType = sourcecode.c.objc; path = OCSIdentifierDeclaration.m; sourceTree = "<group>"; };
		428974E7188196C3008D2A3A /* OCSIdentifierDeclarationList.h */ = {isa = PBXFileReference; fileEncoding = 4; lastKnownFileType = sourcecode.c.h; path = OCSIdentifierDeclarationList.h; sourceTree = "<group>"; };
		428974E8188196C3008D2A3A /* OCSIdentifierDeclarationList.m */ = {isa = PBXFileReference; fileEncoding = 4; lastKnownFileType = sourcecode.c.objc; path = OCSIdentifierDeclarationList.m; sourceTree = "<group>"; };
		428974E9188196C3008D2A3A /* OCSIdentifierList.h */ = {isa = PBXFileReference; fileEncoding = 4; lastKnownFileType = sourcecode.c.h; path = OCSIdentifierList.h; sourceTree = "<group>"; };
		428974EA188196C3008D2A3A /* OCSIdentifierList.m */ = {isa = PBXFileReference; fileEncoding = 4; lastKnownFileType = sourcecode.c.objc; path = OCSIdentifierList.m; sourceTree = "<group>"; };
		428975091881C32C008D2A3A /* OCSArgumentType.h */ = {isa = PBXFileReference; fileEncoding = 4; lastKnownFileType = sourcecode.c.h; path = OCSArgumentType.h; sourceTree = "<group>"; };
		4289750A1881C32C008D2A3A /* OCSArgumentType.m */ = {isa = PBXFileReference; fileEncoding = 4; lastKnownFileType = sourcecode.c.objc; path = OCSArgumentType.m; sourceTree = "<group>"; };
		4289750C1881CB33008D2A3A /* OCSPointerList.h */ = {isa = PBXFileReference; fileEncoding = 4; lastKnownFileType = sourcecode.c.h; path = OCSPointerList.h; sourceTree = "<group>"; };
		4289750D1881CB33008D2A3A /* OCSPointerList.m */ = {isa = PBXFileReference; fileEncoding = 4; lastKnownFileType = sourcecode.c.objc; path = OCSPointerList.m; sourceTree = "<group>"; };
		428975141881D71D008D2A3A /* OCSVoidType.h */ = {isa = PBXFileReference; fileEncoding = 4; lastKnownFileType = sourcecode.c.h; path = OCSVoidType.h; sourceTree = "<group>"; };
		428975151881D71D008D2A3A /* OCSVoidType.m */ = {isa = PBXFileReference; fileEncoding = 4; lastKnownFileType = sourcecode.c.objc; path = OCSVoidType.m; sourceTree = "<group>"; };
		4289751D1885A010008D2A3A /* OCSMethod.h */ = {isa = PBXFileReference; fileEncoding = 4; lastKnownFileType = sourcecode.c.h; path = OCSMethod.h; sourceTree = "<group>"; };
		4289751E1885A010008D2A3A /* OCSMethod.m */ = {isa = PBXFileReference; fileEncoding = 4; lastKnownFileType = sourcecode.c.objc; path = OCSMethod.m; sourceTree = "<group>"; };
		4289751F1885A010008D2A3A /* OCSMethodBody.h */ = {isa = PBXFileReference; fileEncoding = 4; lastKnownFileType = sourcecode.c.h; path = OCSMethodBody.h; sourceTree = "<group>"; };
		428975201885A010008D2A3A /* OCSMethodBody.m */ = {isa = PBXFileReference; fileEncoding = 4; lastKnownFileType = sourcecode.c.objc; path = OCSMethodBody.m; sourceTree = "<group>"; };
		428975211885A010008D2A3A /* OCSMethodDeclaration.h */ = {isa = PBXFileReference; fileEncoding = 4; lastKnownFileType = sourcecode.c.h; path = OCSMethodDeclaration.h; sourceTree = "<group>"; };
		428975221885A010008D2A3A /* OCSMethodDeclaration.m */ = {isa = PBXFileReference; fileEncoding = 4; lastKnownFileType = sourcecode.c.objc; path = OCSMethodDeclaration.m; sourceTree = "<group>"; };
		428975231885A010008D2A3A /* OCSMethodList.h */ = {isa = PBXFileReference; fileEncoding = 4; lastKnownFileType = sourcecode.c.h; path = OCSMethodList.h; sourceTree = "<group>"; };
		428975241885A010008D2A3A /* OCSMethodList.m */ = {isa = PBXFileReference; fileEncoding = 4; lastKnownFileType = sourcecode.c.objc; path = OCSMethodList.m; sourceTree = "<group>"; };
		428975291885A3A5008D2A3A /* OCSMethodType.h */ = {isa = PBXFileReference; fileEncoding = 4; lastKnownFileType = sourcecode.c.h; path = OCSMethodType.h; sourceTree = "<group>"; };
		4289752A1885A3A5008D2A3A /* OCSMethodType.m */ = {isa = PBXFileReference; fileEncoding = 4; lastKnownFileType = sourcecode.c.objc; path = OCSMethodType.m; sourceTree = "<group>"; };
		4289752C1885A495008D2A3A /* OCSMethodMetaType.h */ = {isa = PBXFileReference; lastKnownFileType = sourcecode.c.h; path = OCSMethodMetaType.h; sourceTree = "<group>"; };
		428CC5661822BA8200182D3F /* OCSMemoryTestObject.h */ = {isa = PBXFileReference; fileEncoding = 4; lastKnownFileType = sourcecode.c.h; path = OCSMemoryTestObject.h; sourceTree = "<group>"; };
		428CC5671822BA8200182D3F /* OCSMemoryTestObject.m */ = {isa = PBXFileReference; fileEncoding = 4; lastKnownFileType = sourcecode.c.objc; path = OCSMemoryTestObject.m; sourceTree = "<group>"; };
		42A59AEF189C206000CAAB6D /* OCSTerm.h */ = {isa = PBXFileReference; fileEncoding = 4; lastKnownFileType = sourcecode.c.h; path = OCSTerm.h; sourceTree = "<group>"; };
		42A59AF0189C206000CAAB6D /* OCSTerm.m */ = {isa = PBXFileReference; fileEncoding = 4; lastKnownFileType = sourcecode.c.objc; path = OCSTerm.m; sourceTree = "<group>"; };
		42A59AF2189D4C5C00CAAB6D /* OCSSum.h */ = {isa = PBXFileReference; fileEncoding = 4; lastKnownFileType = sourcecode.c.h; path = OCSSum.h; sourceTree = "<group>"; };
		42A59AF3189D4C5C00CAAB6D /* OCSSum.m */ = {isa = PBXFileReference; fileEncoding = 4; lastKnownFileType = sourcecode.c.objc; path = OCSSum.m; sourceTree = "<group>"; };
		42A59AF6189E47CE00CAAB6D /* OCSBitwiseShiftResult.h */ = {isa = PBXFileReference; fileEncoding = 4; lastKnownFileType = sourcecode.c.h; path = OCSBitwiseShiftResult.h; sourceTree = "<group>"; };
		42A59AF7189E47CE00CAAB6D /* OCSBitwiseShiftResult.m */ = {isa = PBXFileReference; fileEncoding = 4; lastKnownFileType = sourcecode.c.objc; path = OCSBitwiseShiftResult.m; sourceTree = "<group>"; };
		42A59AF9189E9CBB00CAAB6D /* OCSLogicComparationResult.h */ = {isa = PBXFileReference; fileEncoding = 4; lastKnownFileType = sourcecode.c.h; path = OCSLogicComparationResult.h; sourceTree = "<group>"; };
		42A59AFA189E9CBB00CAAB6D /* OCSLogicComparationResult.m */ = {isa = PBXFileReference; fileEncoding = 4; lastKnownFileType = sourcecode.c.objc; path = OCSLogicComparationResult.m; sourceTree = "<group>"; };
		42A59AFC189EAFD300CAAB6D /* OCSEqualityResult.h */ = {isa = PBXFileReference; fileEncoding = 4; lastKnownFileType = sourcecode.c.h; path = OCSEqualityResult.h; sourceTree = "<group>"; };
		42A59AFD189EAFD300CAAB6D /* OCSEqualityResult.m */ = {isa = PBXFileReference; fileEncoding = 4; lastKnownFileType = sourcecode.c.objc; path = OCSEqualityResult.m; sourceTree = "<group>"; };
		42A59B00189F325100CAAB6D /* OCSBitwiseANDResult.h */ = {isa = PBXFileReference; fileEncoding = 4; lastKnownFileType = sourcecode.c.h; path = OCSBitwiseANDResult.h; sourceTree = "<group>"; };
		42A59B01189F325100CAAB6D /* OCSBitwiseANDResult.m */ = {isa = PBXFileReference; fileEncoding = 4; lastKnownFileType = sourcecode.c.objc; path = OCSBitwiseANDResult.m; sourceTree = "<group>"; };
		42A59B06189FF8D600CAAB6D /* OCSBitwiseXORResult.h */ = {isa = PBXFileReference; fileEncoding = 4; lastKnownFileType = sourcecode.c.h; path = OCSBitwiseXORResult.h; sourceTree = "<group>"; };
		42A59B07189FF8D600CAAB6D /* OCSBitwiseXORResult.m */ = {isa = PBXFileReference; fileEncoding = 4; lastKnownFileType = sourcecode.c.objc; path = OCSBitwiseXORResult.m; sourceTree = "<group>"; };
		42DA4A1A17F0994800299797 /* ObjectiveCScriptDemo.app */ = {isa = PBXFileReference; explicitFileType = wrapper.application; includeInIndex = 0; path = ObjectiveCScriptDemo.app; sourceTree = BUILT_PRODUCTS_DIR; };
		42DA4A1D17F0994800299797 /* UIKit.framework */ = {isa = PBXFileReference; lastKnownFileType = wrapper.framework; name = UIKit.framework; path = System/Library/Frameworks/UIKit.framework; sourceTree = SDKROOT; };
		42DA4A1F17F0994800299797 /* Foundation.framework */ = {isa = PBXFileReference; lastKnownFileType = wrapper.framework; name = Foundation.framework; path = System/Library/Frameworks/Foundation.framework; sourceTree = SDKROOT; };
		42DA4A2117F0994800299797 /* CoreGraphics.framework */ = {isa = PBXFileReference; lastKnownFileType = wrapper.framework; name = CoreGraphics.framework; path = System/Library/Frameworks/CoreGraphics.framework; sourceTree = SDKROOT; };
		42DA4A2517F0994800299797 /* ObjectiveCScriptDemo-Info.plist */ = {isa = PBXFileReference; lastKnownFileType = text.plist.xml; path = "ObjectiveCScriptDemo-Info.plist"; sourceTree = "<group>"; };
		42DA4A2717F0994800299797 /* en */ = {isa = PBXFileReference; lastKnownFileType = text.plist.strings; name = en; path = en.lproj/InfoPlist.strings; sourceTree = "<group>"; };
		42DA4A2917F0994800299797 /* main.m */ = {isa = PBXFileReference; lastKnownFileType = sourcecode.c.objc; path = main.m; sourceTree = "<group>"; };
		42DA4A2B17F0994800299797 /* ObjectiveCScriptDemo-Prefix.pch */ = {isa = PBXFileReference; lastKnownFileType = sourcecode.c.h; path = "ObjectiveCScriptDemo-Prefix.pch"; sourceTree = "<group>"; };
		42DA4A2C17F0994800299797 /* OCSAppDelegate.h */ = {isa = PBXFileReference; lastKnownFileType = sourcecode.c.h; path = OCSAppDelegate.h; sourceTree = "<group>"; };
		42DA4A2D17F0994800299797 /* OCSAppDelegate.m */ = {isa = PBXFileReference; lastKnownFileType = sourcecode.c.objc; path = OCSAppDelegate.m; sourceTree = "<group>"; };
		42DA4A2F17F0994800299797 /* Default.png */ = {isa = PBXFileReference; lastKnownFileType = image.png; path = Default.png; sourceTree = "<group>"; };
		42DA4A3117F0994800299797 /* Default@2x.png */ = {isa = PBXFileReference; lastKnownFileType = image.png; path = "Default@2x.png"; sourceTree = "<group>"; };
		42DA4A3317F0994900299797 /* Default-568h@2x.png */ = {isa = PBXFileReference; lastKnownFileType = image.png; path = "Default-568h@2x.png"; sourceTree = "<group>"; };
		42DA4A7017F09ACE00299797 /* CoreParse.xcodeproj */ = {isa = PBXFileReference; lastKnownFileType = "wrapper.pb-project"; name = CoreParse.xcodeproj; path = CoreParse/CoreParse.xcodeproj; sourceTree = "<group>"; };
		42E886511885BBF300594B83 /* OCSMethodDeclarationArg.h */ = {isa = PBXFileReference; fileEncoding = 4; lastKnownFileType = sourcecode.c.h; path = OCSMethodDeclarationArg.h; sourceTree = "<group>"; };
		42E886521885BBF300594B83 /* OCSMethodDeclarationArg.m */ = {isa = PBXFileReference; fileEncoding = 4; lastKnownFileType = sourcecode.c.objc; path = OCSMethodDeclarationArg.m; sourceTree = "<group>"; };
		42E886541885BC5600594B83 /* OCSMethodDeclarationArgList.h */ = {isa = PBXFileReference; fileEncoding = 4; lastKnownFileType = sourcecode.c.h; path = OCSMethodDeclarationArgList.h; sourceTree = "<group>"; };
		42E886551885BC5600594B83 /* OCSMethodDeclarationArgList.m */ = {isa = PBXFileReference; fileEncoding = 4; lastKnownFileType = sourcecode.c.objc; path = OCSMethodDeclarationArgList.m; sourceTree = "<group>"; };
/* End PBXFileReference section */

/* Begin PBXFrameworksBuildPhase section */
		42DA4A1717F0994800299797 /* Frameworks */ = {
			isa = PBXFrameworksBuildPhase;
			buildActionMask = 2147483647;
			files = (
				42DA4A7817F09ADF00299797 /* libCoreParse.a in Frameworks */,
				42DA4A1E17F0994800299797 /* UIKit.framework in Frameworks */,
				42DA4A2017F0994800299797 /* Foundation.framework in Frameworks */,
				42DA4A2217F0994800299797 /* CoreGraphics.framework in Frameworks */,
			);
			runOnlyForDeploymentPostprocessing = 0;
		};
/* End PBXFrameworksBuildPhase section */

/* Begin PBXGroup section */
		4216CCBF17F1D2DA004EF323 /* ObjectiveCScript */ = {
			isa = PBXGroup;
			children = (
				4216CCDB17F1EE92004EF323 /* Parser */,
				4216CCE717F1EEE3004EF323 /* NonTerminals */,
			);
			path = ObjectiveCScript;
			sourceTree = "<group>";
		};
		4216CCDB17F1EE92004EF323 /* Parser */ = {
			isa = PBXGroup;
			children = (
				4216CCDC17F1EE92004EF323 /* ObjectiveCScriptParser.h */,
				4216CCDD17F1EE92004EF323 /* OCSConstant.h */,
				4216CCDE17F1EE92004EF323 /* OCSGrammar.h */,
				4216CCDF17F1EE92004EF323 /* OCSGrammar.m */,
				4216CCE017F1EE92004EF323 /* OCSParser.h */,
				4216CCE117F1EE92004EF323 /* OCSParser.m */,
				4216CCE217F1EE92004EF323 /* OCSTokeniser.h */,
				4216CCE317F1EE92004EF323 /* OCSTokeniser.m */,
			);
			path = Parser;
			sourceTree = "<group>";
		};
		4216CCE717F1EEE3004EF323 /* NonTerminals */ = {
			isa = PBXGroup;
			children = (
				421B78B91825725E0071A134 /* OCSPublicNonTerminals */,
				421B78A6182572200071A134 /* OCSClass */,
				4273525D1889501B00D1BABE /* OCSClassBody */,
				427352601889501B00D1BABE /* OCSClassHeader */,
				4289751C1885A010008D2A3A /* OCSMethod */,
				4273526D1889510A00D1BABE /* OCSExecutableNonTerminals */,
				428CC5661822BA8200182D3F /* OCSMemoryTestObject.h */,
				428CC5671822BA8200182D3F /* OCSMemoryTestObject.m */,
				4216CCE817F1EEE3004EF323 /* Expression.h */,
				4216CCE917F1EEE3004EF323 /* Expression.m */,
				4216CCEA17F1EEE3004EF323 /* Factor.h */,
				4216CCEB17F1EEE3004EF323 /* Factor.m */,
				4216CCEC17F1EEE3004EF323 /* Term.h */,
				4216CCED17F1EEE3004EF323 /* Term.m */,
			);
			path = NonTerminals;
			sourceTree = "<group>";
		};
		421B78A6182572200071A134 /* OCSClass */ = {
			isa = PBXGroup;
			children = (
				421B78AD182572200071A134 /* OCSFile.h */,
				421B78AE182572200071A134 /* OCSFile.m */,
				421B78B1182572200071A134 /* OCSMultiClass.h */,
				421B78B2182572200071A134 /* OCSMultiClass.m */,
				421B78A7182572200071A134 /* OCSClass.h */,
				421B78A8182572200071A134 /* OCSClass.m */,
			);
			path = OCSClass;
			sourceTree = "<group>";
		};
		421B78B91825725E0071A134 /* OCSPublicNonTerminals */ = {
			isa = PBXGroup;
			children = (
				428974CD18819530008D2A3A /* OCSTypes */,
				428974DB1881959F008D2A3A /* OCSProtocolList */,
				428974E2188196C3008D2A3A /* OCSIdentifierDeclaration */,
			);
			path = OCSPublicNonTerminals;
			sourceTree = "<group>";
		};
		4273525D1889501B00D1BABE /* OCSClassBody */ = {
			isa = PBXGroup;
			children = (
				4273525E1889501B00D1BABE /* OCSClassBody.h */,
				4273525F1889501B00D1BABE /* OCSClassBody.m */,
			);
			path = OCSClassBody;
			sourceTree = "<group>";
		};
		427352601889501B00D1BABE /* OCSClassHeader */ = {
			isa = PBXGroup;
			children = (
				427352611889501B00D1BABE /* OCSClassDeclaration.h */,
				427352621889501B00D1BABE /* OCSClassDeclaration.m */,
				427352631889501B00D1BABE /* OCSClassHeader.h */,
				427352641889501B00D1BABE /* OCSClassHeader.m */,
				427352651889501B00D1BABE /* OCSIvarList.h */,
				427352661889501B00D1BABE /* OCSIvarList.m */,
			);
			path = OCSClassHeader;
			sourceTree = "<group>";
		};
		4273526D1889510A00D1BABE /* OCSExecutableNonTerminals */ = {
			isa = PBXGroup;
			children = (
				4273526E1889529E00D1BABE /* OCSCodeScope.h */,
				4273526F1889529E00D1BABE /* OCSCodeScope.m */,
				4273527B188A880900D1BABE /* OCSAtomicFactor.h */,
				4273527C188A880900D1BABE /* OCSAtomicFactor.m */,
				42A59B06189FF8D600CAAB6D /* OCSBitwiseXORResult.h */,
				42A59B07189FF8D600CAAB6D /* OCSBitwiseXORResult.m */,
				42A59B00189F325100CAAB6D /* OCSBitwiseANDResult.h */,
				42A59B01189F325100CAAB6D /* OCSBitwiseANDResult.m */,
				42A59AFC189EAFD300CAAB6D /* OCSEqualityResult.h */,
				42A59AFD189EAFD300CAAB6D /* OCSEqualityResult.m */,
				42A59AF9189E9CBB00CAAB6D /* OCSLogicComparationResult.h */,
				42A59AFA189E9CBB00CAAB6D /* OCSLogicComparationResult.m */,
				42A59AF6189E47CE00CAAB6D /* OCSBitwiseShiftResult.h */,
				42A59AF7189E47CE00CAAB6D /* OCSBitwiseShiftResult.m */,
				42A59AF2189D4C5C00CAAB6D /* OCSSum.h */,
				42A59AF3189D4C5C00CAAB6D /* OCSSum.m */,
				42A59AEF189C206000CAAB6D /* OCSTerm.h */,
				42A59AF0189C206000CAAB6D /* OCSTerm.m */,
				42735271188A59A100D1BABE /* OCSMessageSend */,
			);
			path = OCSExecutableNonTerminals;
			sourceTree = "<group>";
		};
		42735271188A59A100D1BABE /* OCSMessageSend */ = {
			isa = PBXGroup;
			children = (
				42735272188A59D800D1BABE /* OCSMessageSendArg.h */,
				42735273188A59D800D1BABE /* OCSMessageSendArg.m */,
				42735275188A5C1D00D1BABE /* OCSMessageSendArgList.h */,
				42735276188A5C1D00D1BABE /* OCSMessageSendArgList.m */,
				42735278188A5CD300D1BABE /* OCSMessageSend.h */,
				42735279188A5CD300D1BABE /* OCSMessageSend.m */,
			);
			path = OCSMessageSend;
			sourceTree = "<group>";
		};
		428974CD18819530008D2A3A /* OCSTypes */ = {
			isa = PBXGroup;
			children = (
				428974D418819530008D2A3A /* OCSMetaType.h */,
				428975141881D71D008D2A3A /* OCSVoidType.h */,
				428975151881D71D008D2A3A /* OCSVoidType.m */,
				428974CE18819530008D2A3A /* OCSBasicType.h */,
				428974CF18819530008D2A3A /* OCSBasicType.m */,
				428974D018819530008D2A3A /* OCSCustomType.h */,
				428974D118819530008D2A3A /* OCSCustomType.m */,
				428974D218819530008D2A3A /* OCSIDType.h */,
				428974D318819530008D2A3A /* OCSIDType.m */,
				428974D518819530008D2A3A /* OCSType.h */,
				428974D618819530008D2A3A /* OCSType.m */,
				4289750C1881CB33008D2A3A /* OCSPointerList.h */,
				4289750D1881CB33008D2A3A /* OCSPointerList.m */,
				428975091881C32C008D2A3A /* OCSArgumentType.h */,
				4289750A1881C32C008D2A3A /* OCSArgumentType.m */,
			);
			path = OCSTypes;
			sourceTree = "<group>";
		};
		428974DB1881959F008D2A3A /* OCSProtocolList */ = {
			isa = PBXGroup;
			children = (
				428974DC1881959F008D2A3A /* OCSProtocolList.h */,
				428974DD1881959F008D2A3A /* OCSProtocolList.m */,
				428974DE1881959F008D2A3A /* OCSProtocolListWithBrackets.h */,
				428974DF1881959F008D2A3A /* OCSProtocolListWithBrackets.m */,
			);
			path = OCSProtocolList;
			sourceTree = "<group>";
		};
		428974E2188196C3008D2A3A /* OCSIdentifierDeclaration */ = {
			isa = PBXGroup;
			children = (
				428974E3188196C3008D2A3A /* OCSIdentifier.h */,
				428974E4188196C3008D2A3A /* OCSIdentifier.m */,
				428974E5188196C3008D2A3A /* OCSIdentifierDeclaration.h */,
				428974E6188196C3008D2A3A /* OCSIdentifierDeclaration.m */,
				428974E7188196C3008D2A3A /* OCSIdentifierDeclarationList.h */,
				428974E8188196C3008D2A3A /* OCSIdentifierDeclarationList.m */,
				428974E9188196C3008D2A3A /* OCSIdentifierList.h */,
				428974EA188196C3008D2A3A /* OCSIdentifierList.m */,
			);
			path = OCSIdentifierDeclaration;
			sourceTree = "<group>";
		};
		4289751C1885A010008D2A3A /* OCSMethod */ = {
			isa = PBXGroup;
			children = (
				4289752C1885A495008D2A3A /* OCSMethodMetaType.h */,
				428975231885A010008D2A3A /* OCSMethodList.h */,
				428975241885A010008D2A3A /* OCSMethodList.m */,
				4289751D1885A010008D2A3A /* OCSMethod.h */,
				4289751E1885A010008D2A3A /* OCSMethod.m */,
				428975211885A010008D2A3A /* OCSMethodDeclaration.h */,
				428975221885A010008D2A3A /* OCSMethodDeclaration.m */,
				42E886511885BBF300594B83 /* OCSMethodDeclarationArg.h */,
				42E886521885BBF300594B83 /* OCSMethodDeclarationArg.m */,
				42E886541885BC5600594B83 /* OCSMethodDeclarationArgList.h */,
				42E886551885BC5600594B83 /* OCSMethodDeclarationArgList.m */,
				428975291885A3A5008D2A3A /* OCSMethodType.h */,
				4289752A1885A3A5008D2A3A /* OCSMethodType.m */,
				4289751F1885A010008D2A3A /* OCSMethodBody.h */,
				428975201885A010008D2A3A /* OCSMethodBody.m */,
			);
			path = OCSMethod;
			sourceTree = "<group>";
		};
		42DA4A1117F0994800299797 = {
			isa = PBXGroup;
			children = (
				42DA4A7017F09ACE00299797 /* CoreParse.xcodeproj */,
				4216CCBF17F1D2DA004EF323 /* ObjectiveCScript */,
				42DA4A2317F0994800299797 /* ObjectiveCScriptDemo */,
				42DA4A1C17F0994800299797 /* Frameworks */,
				42DA4A1B17F0994800299797 /* Products */,
			);
			sourceTree = "<group>";
		};
		42DA4A1B17F0994800299797 /* Products */ = {
			isa = PBXGroup;
			children = (
				42DA4A1A17F0994800299797 /* ObjectiveCScriptDemo.app */,
			);
			name = Products;
			sourceTree = "<group>";
		};
		42DA4A1C17F0994800299797 /* Frameworks */ = {
			isa = PBXGroup;
			children = (
				42DA4A1D17F0994800299797 /* UIKit.framework */,
				42DA4A1F17F0994800299797 /* Foundation.framework */,
				42DA4A2117F0994800299797 /* CoreGraphics.framework */,
			);
			name = Frameworks;
			sourceTree = "<group>";
		};
		42DA4A2317F0994800299797 /* ObjectiveCScriptDemo */ = {
			isa = PBXGroup;
			children = (
				42DA4A2C17F0994800299797 /* OCSAppDelegate.h */,
				42DA4A2D17F0994800299797 /* OCSAppDelegate.m */,
				42DA4A2417F0994800299797 /* Supporting Files */,
			);
			path = ObjectiveCScriptDemo;
			sourceTree = "<group>";
		};
		42DA4A2417F0994800299797 /* Supporting Files */ = {
			isa = PBXGroup;
			children = (
				42DA4A2517F0994800299797 /* ObjectiveCScriptDemo-Info.plist */,
				42DA4A2617F0994800299797 /* InfoPlist.strings */,
				42DA4A2917F0994800299797 /* main.m */,
				42DA4A2B17F0994800299797 /* ObjectiveCScriptDemo-Prefix.pch */,
				42DA4A2F17F0994800299797 /* Default.png */,
				42DA4A3117F0994800299797 /* Default@2x.png */,
				42DA4A3317F0994900299797 /* Default-568h@2x.png */,
			);
			name = "Supporting Files";
			sourceTree = "<group>";
		};
		42DA4A7117F09ACE00299797 /* Products */ = {
			isa = PBXGroup;
			children = (
				42DA4A7517F09ACE00299797 /* libCoreParse.a */,
			);
			name = Products;
			sourceTree = "<group>";
		};
/* End PBXGroup section */

/* Begin PBXNativeTarget section */
		42DA4A1917F0994800299797 /* ObjectiveCScriptDemo */ = {
			isa = PBXNativeTarget;
			buildConfigurationList = 42DA4A3717F0994900299797 /* Build configuration list for PBXNativeTarget "ObjectiveCScriptDemo" */;
			buildPhases = (
				42DA4A1617F0994800299797 /* Sources */,
				42DA4A1717F0994800299797 /* Frameworks */,
				42DA4A1817F0994800299797 /* Resources */,
			);
			buildRules = (
			);
			dependencies = (
				42DA4A7717F09ADC00299797 /* PBXTargetDependency */,
			);
			name = ObjectiveCScriptDemo;
			productName = ObjectiveCScriptDemo;
			productReference = 42DA4A1A17F0994800299797 /* ObjectiveCScriptDemo.app */;
			productType = "com.apple.product-type.application";
		};
/* End PBXNativeTarget section */

/* Begin PBXProject section */
		42DA4A1217F0994800299797 /* Project object */ = {
			isa = PBXProject;
			attributes = {
				CLASSPREFIX = OCS;
				LastUpgradeCheck = 0460;
				ORGANIZATIONNAME = openthread;
			};
			buildConfigurationList = 42DA4A1517F0994800299797 /* Build configuration list for PBXProject "ObjectiveCScriptDemo" */;
			compatibilityVersion = "Xcode 3.2";
			developmentRegion = English;
			hasScannedForEncodings = 0;
			knownRegions = (
				en,
			);
			mainGroup = 42DA4A1117F0994800299797;
			productRefGroup = 42DA4A1B17F0994800299797 /* Products */;
			projectDirPath = "";
			projectReferences = (
				{
					ProductGroup = 42DA4A7117F09ACE00299797 /* Products */;
					ProjectRef = 42DA4A7017F09ACE00299797 /* CoreParse.xcodeproj */;
				},
			);
			projectRoot = "";
			targets = (
				42DA4A1917F0994800299797 /* ObjectiveCScriptDemo */,
			);
		};
/* End PBXProject section */

/* Begin PBXReferenceProxy section */
		42DA4A7517F09ACE00299797 /* libCoreParse.a */ = {
			isa = PBXReferenceProxy;
			fileType = archive.ar;
			path = libCoreParse.a;
			remoteRef = 42DA4A7417F09ACE00299797 /* PBXContainerItemProxy */;
			sourceTree = BUILT_PRODUCTS_DIR;
		};
/* End PBXReferenceProxy section */

/* Begin PBXResourcesBuildPhase section */
		42DA4A1817F0994800299797 /* Resources */ = {
			isa = PBXResourcesBuildPhase;
			buildActionMask = 2147483647;
			files = (
				42DA4A2817F0994800299797 /* InfoPlist.strings in Resources */,
				42DA4A3017F0994800299797 /* Default.png in Resources */,
				42DA4A3217F0994800299797 /* Default@2x.png in Resources */,
				42DA4A3417F0994900299797 /* Default-568h@2x.png in Resources */,
			);
			runOnlyForDeploymentPostprocessing = 0;
		};
/* End PBXResourcesBuildPhase section */

/* Begin PBXSourcesBuildPhase section */
		42DA4A1617F0994800299797 /* Sources */ = {
			isa = PBXSourcesBuildPhase;
			buildActionMask = 2147483647;
			files = (
				42DA4A2A17F0994800299797 /* main.m in Sources */,
				427352681889501B00D1BABE /* OCSClassDeclaration.m in Sources */,
				4273527A188A5CD300D1BABE /* OCSMessageSend.m in Sources */,
				428975261885A010008D2A3A /* OCSMethodBody.m in Sources */,
				42A59B08189FF8D600CAAB6D /* OCSBitwiseXORResult.m in Sources */,
				42DA4A2E17F0994800299797 /* OCSAppDelegate.m in Sources */,
				4216CCE417F1EE92004EF323 /* OCSGrammar.m in Sources */,
				428975281885A010008D2A3A /* OCSMethodList.m in Sources */,
				42A59AF8189E47CE00CAAB6D /* OCSBitwiseShiftResult.m in Sources */,
				4216CCE517F1EE92004EF323 /* OCSParser.m in Sources */,
				428974E11881959F008D2A3A /* OCSProtocolListWithBrackets.m in Sources */,
				42A59B02189F325100CAAB6D /* OCSBitwiseANDResult.m in Sources */,
				4216CCE617F1EE92004EF323 /* OCSTokeniser.m in Sources */,
				4216CCEE17F1EEE3004EF323 /* Expression.m in Sources */,
				427352691889501B00D1BABE /* OCSClassHeader.m in Sources */,
				428974DA18819530008D2A3A /* OCSType.m in Sources */,
				42735277188A5C1D00D1BABE /* OCSMessageSendArgList.m in Sources */,
				427352701889529E00D1BABE /* OCSCodeScope.m in Sources */,
				42A59AF1189C206000CAAB6D /* OCSTerm.m in Sources */,
				4216CCEF17F1EEE3004EF323 /* Factor.m in Sources */,
				428974ED188196C3008D2A3A /* OCSIdentifierDeclarationList.m in Sources */,
				42A59AFB189E9CBB00CAAB6D /* OCSLogicComparationResult.m in Sources */,
				428975251885A010008D2A3A /* OCSMethod.m in Sources */,
				42735274188A59D800D1BABE /* OCSMessageSendArg.m in Sources */,
				4273526A1889501B00D1BABE /* OCSIvarList.m in Sources */,
				4216CCF017F1EEE3004EF323 /* Term.m in Sources */,
				42A59AFE189EAFD300CAAB6D /* OCSEqualityResult.m in Sources */,
				428CC5681822BA8200182D3F /* OCSMemoryTestObject.m in Sources */,
				4289750E1881CB33008D2A3A /* OCSPointerList.m in Sources */,
				428974EE188196C3008D2A3A /* OCSIdentifierList.m in Sources */,
				428974D918819530008D2A3A /* OCSIDType.m in Sources */,
				427352671889501B00D1BABE /* OCSClassBody.m in Sources */,
				4289750B1881C32C008D2A3A /* OCSArgumentType.m in Sources */,
				421B78B3182572200071A134 /* OCSClass.m in Sources */,
				421B78B6182572200071A134 /* OCSFile.m in Sources */,
				421B78B8182572200071A134 /* OCSMultiClass.m in Sources */,
				42A59AF4189D4C5C00CAAB6D /* OCSSum.m in Sources */,
				42E886531885BBF300594B83 /* OCSMethodDeclarationArg.m in Sources */,
				4273527D188A880900D1BABE /* OCSAtomicFactor.m in Sources */,
				428974D718819530008D2A3A /* OCSBasicType.m in Sources */,
				4289752B1885A3A5008D2A3A /* OCSMethodType.m in Sources */,
				428974D818819530008D2A3A /* OCSCustomType.m in Sources */,
				428974E01881959F008D2A3A /* OCSProtocolList.m in Sources */,
				42E886561885BC5600594B83 /* OCSMethodDeclarationArgList.m in Sources */,
				428975161881D71D008D2A3A /* OCSVoidType.m in Sources */,
				428975271885A010008D2A3A /* OCSMethodDeclaration.m in Sources */,
				428974EB188196C3008D2A3A /* OCSIdentifier.m in Sources */,
				428974EC188196C3008D2A3A /* OCSIdentifierDeclaration.m in Sources */,
			);
			runOnlyForDeploymentPostprocessing = 0;
		};
/* End PBXSourcesBuildPhase section */

/* Begin PBXTargetDependency section */
		42DA4A7717F09ADC00299797 /* PBXTargetDependency */ = {
			isa = PBXTargetDependency;
			name = CoreParse;
			targetProxy = 42DA4A7617F09ADC00299797 /* PBXContainerItemProxy */;
		};
/* End PBXTargetDependency section */

/* Begin PBXVariantGroup section */
		42DA4A2617F0994800299797 /* InfoPlist.strings */ = {
			isa = PBXVariantGroup;
			children = (
				42DA4A2717F0994800299797 /* en */,
			);
			name = InfoPlist.strings;
			sourceTree = "<group>";
		};
/* End PBXVariantGroup section */

/* Begin XCBuildConfiguration section */
		42DA4A3517F0994900299797 /* Debug */ = {
			isa = XCBuildConfiguration;
			buildSettings = {
				ALWAYS_SEARCH_USER_PATHS = NO;
				CLANG_CXX_LANGUAGE_STANDARD = "gnu++0x";
				CLANG_CXX_LIBRARY = "libc++";
				CLANG_ENABLE_OBJC_ARC = YES;
				CLANG_WARN_CONSTANT_CONVERSION = YES;
				CLANG_WARN_EMPTY_BODY = YES;
				CLANG_WARN_ENUM_CONVERSION = YES;
				CLANG_WARN_INT_CONVERSION = YES;
				CLANG_WARN__DUPLICATE_METHOD_MATCH = YES;
				"CODE_SIGN_IDENTITY[sdk=iphoneos*]" = "iPhone Developer";
				COPY_PHASE_STRIP = NO;
				GCC_C_LANGUAGE_STANDARD = gnu99;
				GCC_DYNAMIC_NO_PIC = NO;
				GCC_OPTIMIZATION_LEVEL = 0;
				GCC_PREPROCESSOR_DEFINITIONS = (
					"DEBUG=1",
					"$(inherited)",
				);
				GCC_SYMBOLS_PRIVATE_EXTERN = NO;
				GCC_WARN_ABOUT_RETURN_TYPE = YES;
				GCC_WARN_UNINITIALIZED_AUTOS = YES;
				GCC_WARN_UNUSED_VARIABLE = YES;
				IPHONEOS_DEPLOYMENT_TARGET = 6.1;
				ONLY_ACTIVE_ARCH = YES;
				SDKROOT = iphoneos;
			};
			name = Debug;
		};
		42DA4A3617F0994900299797 /* Release */ = {
			isa = XCBuildConfiguration;
			buildSettings = {
				ALWAYS_SEARCH_USER_PATHS = NO;
				CLANG_CXX_LANGUAGE_STANDARD = "gnu++0x";
				CLANG_CXX_LIBRARY = "libc++";
				CLANG_ENABLE_OBJC_ARC = YES;
				CLANG_WARN_CONSTANT_CONVERSION = YES;
				CLANG_WARN_EMPTY_BODY = YES;
				CLANG_WARN_ENUM_CONVERSION = YES;
				CLANG_WARN_INT_CONVERSION = YES;
				CLANG_WARN__DUPLICATE_METHOD_MATCH = YES;
				"CODE_SIGN_IDENTITY[sdk=iphoneos*]" = "iPhone Developer";
				COPY_PHASE_STRIP = YES;
				GCC_C_LANGUAGE_STANDARD = gnu99;
				GCC_WARN_ABOUT_RETURN_TYPE = YES;
				GCC_WARN_UNINITIALIZED_AUTOS = YES;
				GCC_WARN_UNUSED_VARIABLE = YES;
				IPHONEOS_DEPLOYMENT_TARGET = 6.1;
				OTHER_CFLAGS = "-DNS_BLOCK_ASSERTIONS=1";
				SDKROOT = iphoneos;
				VALIDATE_PRODUCT = YES;
			};
			name = Release;
		};
		42DA4A3817F0994900299797 /* Debug */ = {
			isa = XCBuildConfiguration;
			buildSettings = {
				GCC_PRECOMPILE_PREFIX_HEADER = YES;
				GCC_PREFIX_HEADER = "ObjectiveCScriptDemo/ObjectiveCScriptDemo-Prefix.pch";
				HEADER_SEARCH_PATHS = "./CoreParse/**";
				INFOPLIST_FILE = "ObjectiveCScriptDemo/ObjectiveCScriptDemo-Info.plist";
				OTHER_LDFLAGS = "-all_load";
				PRODUCT_NAME = "$(TARGET_NAME)";
				WRAPPER_EXTENSION = app;
			};
			name = Debug;
		};
		42DA4A3917F0994900299797 /* Release */ = {
			isa = XCBuildConfiguration;
			buildSettings = {
				GCC_PRECOMPILE_PREFIX_HEADER = YES;
				GCC_PREFIX_HEADER = "ObjectiveCScriptDemo/ObjectiveCScriptDemo-Prefix.pch";
				HEADER_SEARCH_PATHS = "./CoreParse/**";
				INFOPLIST_FILE = "ObjectiveCScriptDemo/ObjectiveCScriptDemo-Info.plist";
				OTHER_LDFLAGS = "-all_load";
				PRODUCT_NAME = "$(TARGET_NAME)";
				WRAPPER_EXTENSION = app;
			};
			name = Release;
		};
/* End XCBuildConfiguration section */

/* Begin XCConfigurationList section */
		42DA4A1517F0994800299797 /* Build configuration list for PBXProject "ObjectiveCScriptDemo" */ = {
			isa = XCConfigurationList;
			buildConfigurations = (
				42DA4A3517F0994900299797 /* Debug */,
				42DA4A3617F0994900299797 /* Release */,
			);
			defaultConfigurationIsVisible = 0;
			defaultConfigurationName = Release;
		};
		42DA4A3717F0994900299797 /* Build configuration list for PBXNativeTarget "ObjectiveCScriptDemo" */ = {
			isa = XCConfigurationList;
			buildConfigurations = (
				42DA4A3817F0994900299797 /* Debug */,
				42DA4A3917F0994900299797 /* Release */,
			);
			defaultConfigurationIsVisible = 0;
			defaultConfigurationName = Release;
		};
/* End XCConfigurationList section */
	};
	rootObject = 42DA4A1217F0994800299797 /* Project object */;
}
